
Microsoft Visual Studio Solution File, Format Version 12.00
# Visual Studio 14
VisualStudioVersion = 14.0.25420.1
MinimumVisualStudioVersion = 10.0.40219.1
Project("{FAE04EC0-301F-11D3-BF4B-00C04F79EFBC}") = "WZ.Domain.Models", "WZ.Domain.Models\WZ.Domain.Models.csproj", "{134675E2-B5B8-416D-91E0-243C55C37FC7}"
EndProject
Project("{2150E333-8FDC-42A3-9474-1A3956D46DE8}") = "01-Domain", "01-Domain", "{ED5DD45B-17A6-4B56-8A25-F9932AF2A20B}"
EndProject
Project("{2150E333-8FDC-42A3-9474-1A3956D46DE8}") = "02-Service Interfaces", "02-Service Interfaces", "{AA2598C9-A2CD-4328-8CA3-8C6702F0CFB2}"
EndProject
Project("{2150E333-8FDC-42A3-9474-1A3956D46DE8}") = "05-Application Services", "05-Application Services", "{D498E228-CB15-4679-843F-32B5F4964935}"
EndProject
Project("{2150E333-8FDC-42A3-9474-1A3956D46DE8}") = "04-Infrastructure", "04-Infrastructure", "{154B62E7-7890-497E-B41D-6137BE1786A4}"
EndProject
Project("{2150E333-8FDC-42A3-9474-1A3956D46DE8}") = "06-User Interface", "06-User Interface", "{87DFB178-8ACE-4E19-9D34-B92D790C2127}"
EndProject
Project("{2150E333-8FDC-42A3-9474-1A3956D46DE8}") = "07-Tests", "07-Tests", "{D49D353B-3207-4E55-AFE9-D9D73B27AB0F}"
EndProject
Project("{FAE04EC0-301F-11D3-BF4B-00C04F79EFBC}") = "WZ.Infrastructure.Tessitura", "WZ.Infrastructure.Tessitura\WZ.Infrastructure.Tessitura.csproj", "{6DA955A5-1188-459B-A3AE-C30FD08C7E2C}"
EndProject
Project("{FAE04EC0-301F-11D3-BF4B-00C04F79EFBC}") = "WZ.UI.Web", "WZ.UI.Web\WZ.UI.Web.csproj", "{196FA5D2-F8CF-47A1-9005-E245B5021396}"
EndProject
Project("{FAE04EC0-301F-11D3-BF4B-00C04F79EFBC}") = "WZ.Tests", "WZ.Tests\WZ.Tests.csproj", "{D730C918-5938-48BF-99C3-FB1B5DC83BBD}"
EndProject
Project("{FAE04EC0-301F-11D3-BF4B-00C04F79EFBC}") = "WZ.Services.Interfaces", "WZ.Services.Interfaces\WZ.Services.Interfaces.csproj", "{10D3BE78-DA94-4CA1-A064-02952A81389A}"
EndProject
Project("{FAE04EC0-301F-11D3-BF4B-00C04F79EFBC}") = "WZ.Infrastructure.IoC", "WZ.Infrastructure.IoC\WZ.Infrastructure.IoC.csproj", "{704DE8D5-DC34-41F9-B21A-66D1334A2F57}"
EndProject
Project("{2150E333-8FDC-42A3-9474-1A3956D46DE8}") = "03-Services", "03-Services", "{216884F9-17EA-432F-994D-35154015EDF7}"
EndProject
Project("{FAE04EC0-301F-11D3-BF4B-00C04F79EFBC}") = "WZ.Repository.Interfaces", "WZ.Repository.Interfaces\WZ.Repository.Interfaces.csproj", "{1DE38683-9C3B-4E48-83A0-353ABD673FBD}"
EndProject
Project("{FAE04EC0-301F-11D3-BF4B-00C04F79EFBC}") = "WZ.ApplicationService", "WZ.ApplicationService\WZ.ApplicationService.csproj", "{A920A5AD-A189-4662-B90F-7232E45AD361}"
EndProject
Project("{FAE04EC0-301F-11D3-BF4B-00C04F79EFBC}") = "WZ.Infrastructure.Common", "WZ.Infrastructure.Common\WZ.Infrastructure.Common.csproj", "{C7FA703D-79AC-4F18-B0B1-E71244618702}"
EndProject
Project("{FAE04EC0-301F-11D3-BF4B-00C04F79EFBC}") = "WZ.Services", "WZ.Services\WZ.Services.csproj", "{813D5EA6-B7D0-45C0-ADAC-F5548FCD3D10}"
EndProject
Global
	GlobalSection(SolutionConfigurationPlatforms) = preSolution
		Debug|Any CPU = Debug|Any CPU
		Release|Any CPU = Release|Any CPU
	EndGlobalSection
	GlobalSection(ProjectConfigurationPlatforms) = postSolution
		{134675E2-B5B8-416D-91E0-243C55C37FC7}.Debug|Any CPU.ActiveCfg = Debug|Any CPU
		{134675E2-B5B8-416D-91E0-243C55C37FC7}.Debug|Any CPU.Build.0 = Debug|Any CPU
		{134675E2-B5B8-416D-91E0-243C55C37FC7}.Release|Any CPU.ActiveCfg = Release|Any CPU
		{134675E2-B5B8-416D-91E0-243C55C37FC7}.Release|Any CPU.Build.0 = Release|Any CPU
		{6DA955A5-1188-459B-A3AE-C30FD08C7E2C}.Debug|Any CPU.ActiveCfg = Debug|Any CPU
		{6DA955A5-1188-459B-A3AE-C30FD08C7E2C}.Debug|Any CPU.Build.0 = Debug|Any CPU
		{6DA955A5-1188-459B-A3AE-C30FD08C7E2C}.Release|Any CPU.ActiveCfg = Release|Any CPU
		{6DA955A5-1188-459B-A3AE-C30FD08C7E2C}.Release|Any CPU.Build.0 = Release|Any CPU
		{196FA5D2-F8CF-47A1-9005-E245B5021396}.Debug|Any CPU.ActiveCfg = Debug|Any CPU
		{196FA5D2-F8CF-47A1-9005-E245B5021396}.Debug|Any CPU.Build.0 = Debug|Any CPU
		{196FA5D2-F8CF-47A1-9005-E245B5021396}.Release|Any CPU.ActiveCfg = Release|Any CPU
		{196FA5D2-F8CF-47A1-9005-E245B5021396}.Release|Any CPU.Build.0 = Release|Any CPU
		{D730C918-5938-48BF-99C3-FB1B5DC83BBD}.Debug|Any CPU.ActiveCfg = Debug|Any CPU
		{D730C918-5938-48BF-99C3-FB1B5DC83BBD}.Debug|Any CPU.Build.0 = Debug|Any CPU
		{D730C918-5938-48BF-99C3-FB1B5DC83BBD}.Release|Any CPU.ActiveCfg = Release|Any CPU
		{D730C918-5938-48BF-99C3-FB1B5DC83BBD}.Release|Any CPU.Build.0 = Release|Any CPU
		{10D3BE78-DA94-4CA1-A064-02952A81389A}.Debug|Any CPU.ActiveCfg = Debug|Any CPU
		{10D3BE78-DA94-4CA1-A064-02952A81389A}.Debug|Any CPU.Build.0 = Debug|Any CPU
		{10D3BE78-DA94-4CA1-A064-02952A81389A}.Release|Any CPU.ActiveCfg = Release|Any CPU
		{10D3BE78-DA94-4CA1-A064-02952A81389A}.Release|Any CPU.Build.0 = Release|Any CPU
		{704DE8D5-DC34-41F9-B21A-66D1334A2F57}.Debug|Any CPU.ActiveCfg = Debug|Any CPU
		{704DE8D5-DC34-41F9-B21A-66D1334A2F57}.Debug|Any CPU.Build.0 = Debug|Any CPU
		{704DE8D5-DC34-41F9-B21A-66D1334A2F57}.Release|Any CPU.ActiveCfg = Release|Any CPU
		{704DE8D5-DC34-41F9-B21A-66D1334A2F57}.Release|Any CPU.Build.0 = Release|Any CPU
		{1DE38683-9C3B-4E48-83A0-353ABD673FBD}.Debug|Any CPU.ActiveCfg = Debug|Any CPU
		{1DE38683-9C3B-4E48-83A0-353ABD673FBD}.Debug|Any CPU.Build.0 = Debug|Any CPU
		{1DE38683-9C3B-4E48-83A0-353ABD673FBD}.Release|Any CPU.ActiveCfg = Release|Any CPU
		{1DE38683-9C3B-4E48-83A0-353ABD673FBD}.Release|Any CPU.Build.0 = Release|Any CPU
		{A920A5AD-A189-4662-B90F-7232E45AD361}.Debug|Any CPU.ActiveCfg = Debug|Any CPU
		{A920A5AD-A189-4662-B90F-7232E45AD361}.Debug|Any CPU.Build.0 = Debug|Any CPU
		{A920A5AD-A189-4662-B90F-7232E45AD361}.Release|Any CPU.ActiveCfg = Release|Any CPU
		{A920A5AD-A189-4662-B90F-7232E45AD361}.Release|Any CPU.Build.0 = Release|Any CPU
		{C7FA703D-79AC-4F18-B0B1-E71244618702}.Debug|Any CPU.ActiveCfg = Debug|Any CPU
		{C7FA703D-79AC-4F18-B0B1-E71244618702}.Debug|Any CPU.Build.0 = Debug|Any CPU
		{C7FA703D-79AC-4F18-B0B1-E71244618702}.Release|Any CPU.ActiveCfg = Release|Any CPU
		{C7FA703D-79AC-4F18-B0B1-E71244618702}.Release|Any CPU.Build.0 = Release|Any CPU
		{813D5EA6-B7D0-45C0-ADAC-F5548FCD3D10}.Debug|Any CPU.ActiveCfg = Debug|Any CPU
		{813D5EA6-B7D0-45C0-ADAC-F5548FCD3D10}.Debug|Any CPU.Build.0 = Debug|Any CPU
		{813D5EA6-B7D0-45C0-ADAC-F5548FCD3D10}.Release|Any CPU.ActiveCfg = Release|Any CPU
		{813D5EA6-B7D0-45C0-ADAC-F5548FCD3D10}.Release|Any CPU.Build.0 = Release|Any CPU
	EndGlobalSection
	GlobalSection(SolutionProperties) = preSolution
		HideSolutionNode = FALSE
	EndGlobalSection
	GlobalSection(NestedProjects) = preSolution
		{134675E2-B5B8-416D-91E0-243C55C37FC7} = {ED5DD45B-17A6-4B56-8A25-F9932AF2A20B}
		{6DA955A5-1188-459B-A3AE-C30FD08C7E2C} = {154B62E7-7890-497E-B41D-6137BE1786A4}
		{196FA5D2-F8CF-47A1-9005-E245B5021396} = {87DFB178-8ACE-4E19-9D34-B92D790C2127}
		{D730C918-5938-48BF-99C3-FB1B5DC83BBD} = {D49D353B-3207-4E55-AFE9-D9D73B27AB0F}
		{10D3BE78-DA94-4CA1-A064-02952A81389A} = {AA2598C9-A2CD-4328-8CA3-8C6702F0CFB2}
		{704DE8D5-DC34-41F9-B21A-66D1334A2F57} = {154B62E7-7890-497E-B41D-6137BE1786A4}
		{1DE38683-9C3B-4E48-83A0-353ABD673FBD} = {ED5DD45B-17A6-4B56-8A25-F9932AF2A20B}
		{A920A5AD-A189-4662-B90F-7232E45AD361} = {D498E228-CB15-4679-843F-32B5F4964935}
		{C7FA703D-79AC-4F18-B0B1-E71244618702} = {154B62E7-7890-497E-B41D-6137BE1786A4}
		{813D5EA6-B7D0-45C0-ADAC-F5548FCD3D10} = {216884F9-17EA-432F-994D-35154015EDF7}
	EndGlobalSection
EndGlobal
